
Microsoft Visual Studio Solution File, Format Version 11.00
# Visual Studio 2010
Project("{FAE04EC0-301F-11D3-BF4B-00C04F79EFBC}") = "01.JoroTheFootballPlayer", "01.JoroTheFootballPlayer\01.JoroTheFootballPlayer.csproj", "{DCEE12F9-7C2A-42B8-B590-0BDB528BDDF7}"
EndProject
Project("{FAE04EC0-301F-11D3-BF4B-00C04F79EFBC}") = "02.HalfSum", "02.HalfSum\02.HalfSum.csproj", "{9FC4F1A4-8487-4A8E-B276-CA44A7A592B2}"
EndProject
Project("{FAE04EC0-301F-11D3-BF4B-00C04F79EFBC}") = "03.Sunglasses", "03.Sunglasses\03.Sunglasses.csproj", "{0D43B8A4-132D-46A7-94C6-5A8CA035DFF1}"
EndProject
Project("{FAE04EC0-301F-11D3-BF4B-00C04F79EFBC}") = "04.NineDigitMagicNumbers", "04.NineDigitMagicNumbers\04.NineDigitMagicNumbers.csproj", "{9FAF7129-C3E0-4372-BA7A-CE7DB422E5D0}"
EndProject
Project("{FAE04EC0-301F-11D3-BF4B-00C04F79EFBC}") = "05.BitsInverter", "05.BitsInverter\05.BitsInverter.csproj", "{16B185E1-78F6-4A66-B054-B47674D9C862}"
EndProject
Global
	GlobalSection(SolutionConfigurationPlatforms) = preSolution
		Debug|x86 = Debug|x86
		Release|x86 = Release|x86
	EndGlobalSection
	GlobalSection(ProjectConfigurationPlatforms) = postSolution
		{DCEE12F9-7C2A-42B8-B590-0BDB528BDDF7}.Debug|x86.ActiveCfg = Debug|x86
		{DCEE12F9-7C2A-42B8-B590-0BDB528BDDF7}.Debug|x86.Build.0 = Debug|x86
		{DCEE12F9-7C2A-42B8-B590-0BDB528BDDF7}.Release|x86.ActiveCfg = Release|x86
		{DCEE12F9-7C2A-42B8-B590-0BDB528BDDF7}.Release|x86.Build.0 = Release|x86
		{9FC4F1A4-8487-4A8E-B276-CA44A7A592B2}.Debug|x86.ActiveCfg = Debug|x86
		{9FC4F1A4-8487-4A8E-B276-CA44A7A592B2}.Debug|x86.Build.0 = Debug|x86
		{9FC4F1A4-8487-4A8E-B276-CA44A7A592B2}.Release|x86.ActiveCfg = Release|x86
		{9FC4F1A4-8487-4A8E-B276-CA44A7A592B2}.Release|x86.Build.0 = Release|x86
		{0D43B8A4-132D-46A7-94C6-5A8CA035DFF1}.Debug|x86.ActiveCfg = Debug|x86
		{0D43B8A4-132D-46A7-94C6-5A8CA035DFF1}.Debug|x86.Build.0 = Debug|x86
		{0D43B8A4-132D-46A7-94C6-5A8CA035DFF1}.Release|x86.ActiveCfg = Release|x86
		{0D43B8A4-132D-46A7-94C6-5A8CA035DFF1}.Release|x86.Build.0 = Release|x86
		{9FAF7129-C3E0-4372-BA7A-CE7DB422E5D0}.Debug|x86.ActiveCfg = Debug|x86
		{9FAF7129-C3E0-4372-BA7A-CE7DB422E5D0}.Debug|x86.Build.0 = Debug|x86
		{9FAF7129-C3E0-4372-BA7A-CE7DB422E5D0}.Release|x86.ActiveCfg = Release|x86
		{9FAF7129-C3E0-4372-BA7A-CE7DB422E5D0}.Release|x86.Build.0 = Release|x86
		{16B185E1-78F6-4A66-B054-B47674D9C862}.Debug|x86.ActiveCfg = Debug|x86
		{16B185E1-78F6-4A66-B054-B47674D9C862}.Debug|x86.Build.0 = Debug|x86
		{16B185E1-78F6-4A66-B054-B47674D9C862}.Release|x86.ActiveCfg = Release|x86
		{16B185E1-78F6-4A66-B054-B47674D9C862}.Release|x86.Build.0 = Release|x86
	EndGlobalSection
	GlobalSection(SolutionProperties) = preSolution
		HideSolutionNode = FALSE
	EndGlobalSection
EndGlobal
