
Microsoft Visual Studio Solution File, Format Version 11.00
# Visual Studio 2010
Project("{FAE04EC0-301F-11D3-BF4B-00C04F79EFBC}") = "01.Triangle", "01.Triangle\01.Triangle.csproj", "{B28D80BE-E9D4-4D8F-82A9-48F2F5520D92}"
EndProject
Project("{FAE04EC0-301F-11D3-BF4B-00C04F79EFBC}") = "02.Pairs", "02.Pairs\02.Pairs.csproj", "{F0923CBC-A481-4AA2-952A-D34AD2845DA7}"
EndProject
Project("{FAE04EC0-301F-11D3-BF4B-00C04F79EFBC}") = "03.House", "03.House\03.House.csproj", "{41AA70F1-9571-4015-98FE-DC0B450C515F}"
EndProject
Project("{FAE04EC0-301F-11D3-BF4B-00C04F79EFBC}") = "04.MagicDates", "04.MagicDates\04.MagicDates.csproj", "{BF537F93-EA41-44D3-BEAF-B593CE248F92}"
EndProject
Project("{FAE04EC0-301F-11D3-BF4B-00C04F79EFBC}") = "05.BitKiller", "05.BitKiller\05.BitKiller.csproj", "{1E7C3214-47C2-4448-825C-5C455226DCE7}"
EndProject
Global
	GlobalSection(SolutionConfigurationPlatforms) = preSolution
		Debug|x86 = Debug|x86
		Release|x86 = Release|x86
	EndGlobalSection
	GlobalSection(ProjectConfigurationPlatforms) = postSolution
		{B28D80BE-E9D4-4D8F-82A9-48F2F5520D92}.Debug|x86.ActiveCfg = Debug|x86
		{B28D80BE-E9D4-4D8F-82A9-48F2F5520D92}.Debug|x86.Build.0 = Debug|x86
		{B28D80BE-E9D4-4D8F-82A9-48F2F5520D92}.Release|x86.ActiveCfg = Release|x86
		{B28D80BE-E9D4-4D8F-82A9-48F2F5520D92}.Release|x86.Build.0 = Release|x86
		{F0923CBC-A481-4AA2-952A-D34AD2845DA7}.Debug|x86.ActiveCfg = Debug|x86
		{F0923CBC-A481-4AA2-952A-D34AD2845DA7}.Debug|x86.Build.0 = Debug|x86
		{F0923CBC-A481-4AA2-952A-D34AD2845DA7}.Release|x86.ActiveCfg = Release|x86
		{F0923CBC-A481-4AA2-952A-D34AD2845DA7}.Release|x86.Build.0 = Release|x86
		{41AA70F1-9571-4015-98FE-DC0B450C515F}.Debug|x86.ActiveCfg = Debug|x86
		{41AA70F1-9571-4015-98FE-DC0B450C515F}.Debug|x86.Build.0 = Debug|x86
		{41AA70F1-9571-4015-98FE-DC0B450C515F}.Release|x86.ActiveCfg = Release|x86
		{41AA70F1-9571-4015-98FE-DC0B450C515F}.Release|x86.Build.0 = Release|x86
		{BF537F93-EA41-44D3-BEAF-B593CE248F92}.Debug|x86.ActiveCfg = Debug|x86
		{BF537F93-EA41-44D3-BEAF-B593CE248F92}.Debug|x86.Build.0 = Debug|x86
		{BF537F93-EA41-44D3-BEAF-B593CE248F92}.Release|x86.ActiveCfg = Release|x86
		{BF537F93-EA41-44D3-BEAF-B593CE248F92}.Release|x86.Build.0 = Release|x86
		{1E7C3214-47C2-4448-825C-5C455226DCE7}.Debug|x86.ActiveCfg = Debug|x86
		{1E7C3214-47C2-4448-825C-5C455226DCE7}.Debug|x86.Build.0 = Debug|x86
		{1E7C3214-47C2-4448-825C-5C455226DCE7}.Release|x86.ActiveCfg = Release|x86
		{1E7C3214-47C2-4448-825C-5C455226DCE7}.Release|x86.Build.0 = Release|x86
	EndGlobalSection
	GlobalSection(SolutionProperties) = preSolution
		HideSolutionNode = FALSE
	EndGlobalSection
EndGlobal
